
Microsoft Visual Studio Solution File, Format Version 12.00
Project("{FAE04EC0-301F-11D3-BF4B-00C04F79EFBC}") = "Domain", "Domain\Domain.csproj", "{2E427491-6176-45C0-B9C1-293DFCF3D3A2}"
EndProject
Project("{FAE04EC0-301F-11D3-BF4B-00C04F79EFBC}") = "Infrastructure", "Infrastructure\Infrastructure.csproj", "{55DA09E8-3168-4A39-A67C-433DED340EDF}"
EndProject
Project("{FAE04EC0-301F-11D3-BF4B-00C04F79EFBC}") = "Persistence", "Persistence\Persistence.csproj", "{9257B415-9406-4703-838C-FA286BFA3489}"
EndProject
Project("{FAE04EC0-301F-11D3-BF4B-00C04F79EFBC}") = "API", "API\API.csproj", "{B4D3CC81-615A-41A5-B805-CEAFC4DEDD92}"
EndProject
Project("{FAE04EC0-301F-11D3-BF4B-00C04F79EFBC}") = "Application", "Application\Application.csproj", "{E8E396E8-50B4-4440-A374-5BAE3C3CA1A7}"
EndProject
Project("{2150E333-8FDC-42A3-9474-1A3956D46DE8}") = "src", "src", "{B557064F-D552-4344-B9FF-75A08DD285D0}"
EndProject
Project("{2150E333-8FDC-42A3-9474-1A3956D46DE8}") = "tests", "tests", "{1056D8F6-5D78-4A0F-8F14-5D7B85C6B7BA}"
EndProject
Global
	GlobalSection(SolutionConfigurationPlatforms) = preSolution
		Debug|Any CPU = Debug|Any CPU
		Release|Any CPU = Release|Any CPU
	EndGlobalSection
	GlobalSection(ProjectConfigurationPlatforms) = postSolution
		{2E427491-6176-45C0-B9C1-293DFCF3D3A2}.Debug|Any CPU.ActiveCfg = Debug|Any CPU
		{2E427491-6176-45C0-B9C1-293DFCF3D3A2}.Debug|Any CPU.Build.0 = Debug|Any CPU
		{2E427491-6176-45C0-B9C1-293DFCF3D3A2}.Release|Any CPU.ActiveCfg = Release|Any CPU
		{2E427491-6176-45C0-B9C1-293DFCF3D3A2}.Release|Any CPU.Build.0 = Release|Any CPU
		{55DA09E8-3168-4A39-A67C-433DED340EDF}.Debug|Any CPU.ActiveCfg = Debug|Any CPU
		{55DA09E8-3168-4A39-A67C-433DED340EDF}.Debug|Any CPU.Build.0 = Debug|Any CPU
		{55DA09E8-3168-4A39-A67C-433DED340EDF}.Release|Any CPU.ActiveCfg = Release|Any CPU
		{55DA09E8-3168-4A39-A67C-433DED340EDF}.Release|Any CPU.Build.0 = Release|Any CPU
		{9257B415-9406-4703-838C-FA286BFA3489}.Debug|Any CPU.ActiveCfg = Debug|Any CPU
		{9257B415-9406-4703-838C-FA286BFA3489}.Debug|Any CPU.Build.0 = Debug|Any CPU
		{9257B415-9406-4703-838C-FA286BFA3489}.Release|Any CPU.ActiveCfg = Release|Any CPU
		{9257B415-9406-4703-838C-FA286BFA3489}.Release|Any CPU.Build.0 = Release|Any CPU
		{B4D3CC81-615A-41A5-B805-CEAFC4DEDD92}.Debug|Any CPU.ActiveCfg = Debug|Any CPU
		{B4D3CC81-615A-41A5-B805-CEAFC4DEDD92}.Debug|Any CPU.Build.0 = Debug|Any CPU
		{B4D3CC81-615A-41A5-B805-CEAFC4DEDD92}.Release|Any CPU.ActiveCfg = Release|Any CPU
		{B4D3CC81-615A-41A5-B805-CEAFC4DEDD92}.Release|Any CPU.Build.0 = Release|Any CPU
		{E8E396E8-50B4-4440-A374-5BAE3C3CA1A7}.Debug|Any CPU.ActiveCfg = Debug|Any CPU
		{E8E396E8-50B4-4440-A374-5BAE3C3CA1A7}.Debug|Any CPU.Build.0 = Debug|Any CPU
		{E8E396E8-50B4-4440-A374-5BAE3C3CA1A7}.Release|Any CPU.ActiveCfg = Release|Any CPU
		{E8E396E8-50B4-4440-A374-5BAE3C3CA1A7}.Release|Any CPU.Build.0 = Release|Any CPU
	EndGlobalSection
	GlobalSection(NestedProjects) = preSolution
		{B4D3CC81-615A-41A5-B805-CEAFC4DEDD92} = {B557064F-D552-4344-B9FF-75A08DD285D0}
		{E8E396E8-50B4-4440-A374-5BAE3C3CA1A7} = {B557064F-D552-4344-B9FF-75A08DD285D0}
		{2E427491-6176-45C0-B9C1-293DFCF3D3A2} = {B557064F-D552-4344-B9FF-75A08DD285D0}
		{55DA09E8-3168-4A39-A67C-433DED340EDF} = {B557064F-D552-4344-B9FF-75A08DD285D0}
		{9257B415-9406-4703-838C-FA286BFA3489} = {B557064F-D552-4344-B9FF-75A08DD285D0}
	EndGlobalSection
EndGlobal
